
Microsoft Visual Studio Solution File, Format Version 12.00
# Visual Studio Version 17
VisualStudioVersion = 17.4.33213.308
MinimumVisualStudioVersion = 10.0.40219.1
Project("{9A19103F-16F7-4668-BE54-9A1E7A4F7556}") = "Template App", "src\Template App\Template App.csproj", "{E74664A0-F650-4327-82C4-D6C2C2EA34F1}"
EndProject
Project("{9A19103F-16F7-4668-BE54-9A1E7A4F7556}") = "WiredBrainCoffee.CustomersApp", "src\WiredBrainCoffee.CustomersApp\WiredBrainCoffee.CustomersApp.csproj", "{209476B5-5CF7-4B28-A250-34F539F1F2E1}"
EndProject
Project("{9A19103F-16F7-4668-BE54-9A1E7A4F7556}") = "OPCUA.Demo.App", "src\OPCUA.Demo.App\OPCUA.Demo.App.csproj", "{2E87364C-FB43-4624-A867-D965A7FB4A2B}"
EndProject
Project("{9A19103F-16F7-4668-BE54-9A1E7A4F7556}") = "OPCUA.Demo.App.Core", "src\OPCUA.Demo.App.Core\OPCUA.Demo.App.Core.csproj", "{BF0D5B1C-5775-47F5-9181-AB3DABE29709}"
EndProject
Project("{9A19103F-16F7-4668-BE54-9A1E7A4F7556}") = "OPCUA.Demo.App.Tests.MSTest", "src\OPCUA.Demo.App.Tests.MSTest\OPCUA.Demo.App.Tests.MSTest.csproj", "{722EAFBD-247F-4494-BA3E-FEE250558A29}"
EndProject
Project("{2150E333-8FDC-42A3-9474-1A3956D46DE8}") = "2024-02-04", "2024-02-04", "{96A9CEC8-5183-4B35-9E55-E868BF9A538D}"
EndProject
Project("{9A19103F-16F7-4668-BE54-9A1E7A4F7556}") = "EmptyProject", "src\EmptyProject\EmptyProject.csproj", "{EAEC7840-D5D5-4A1F-B5E8-E1117C5AFF92}"
EndProject
Project("{9A19103F-16F7-4668-BE54-9A1E7A4F7556}") = "Demo", "Demo\Demo\Demo.csproj", "{E9FA5580-7669-4097-8A15-03F0199A4D5B}"
EndProject
Project("{9A19103F-16F7-4668-BE54-9A1E7A4F7556}") = "TabbedApp", "TabbedApp\TabbedApp.csproj", "{E7D427F3-7EBB-45A0-9F4D-CBD5549C8C26}"
EndProject
Project("{FAE04EC0-301F-11D3-BF4B-00C04F79EFBC}") = "MVVMDemo", "src\MVVMDemo\MVVMDemo.csproj", "{28781A55-E60F-44AE-9E0F-F2070FEB0FB5}"
EndProject
Project("{FAE04EC0-301F-11D3-BF4B-00C04F79EFBC}") = "MVVMFontSizeDemo", "MVVMFontSizeDemo\MVVMFontSizeDemo.csproj", "{DD0969AD-D249-4F8D-AB1D-D5E040B82AFB}"
EndProject
Project("{FAE04EC0-301F-11D3-BF4B-00C04F79EFBC}") = "TicTacToe", "src\TicTacToe\TicTacToe.csproj", "{13CFC9F3-10BA-4CD7-986C-5ED8FA2CAD3B}"
EndProject
Project("{FAE04EC0-301F-11D3-BF4B-00C04F79EFBC}") = "TicTacToe.Tests", "tests\TicTacToe.Tests\TicTacToe.Tests.csproj", "{0A9E6204-A3EC-4509-B05C-633259EA4838}"
EndProject
Project("{2150E333-8FDC-42A3-9474-1A3956D46DE8}") = "TicTacToe game", "TicTacToe game", "{26BCCE67-3B8B-49CE-86C9-5B92B3E4E453}"
EndProject
Project("{FAE04EC0-301F-11D3-BF4B-00C04F79EFBC}") = "TicTacToe.Core", "src\TicTacToe.Core\TicTacToe.Core.csproj", "{05224445-AFCA-4C8A-8B84-CC3473633F40}"
EndProject
Global
	GlobalSection(SolutionConfigurationPlatforms) = preSolution
		Debug|Any CPU = Debug|Any CPU
		Debug|arm64 = Debug|arm64
		Debug|x64 = Debug|x64
		Debug|x86 = Debug|x86
		Release|Any CPU = Release|Any CPU
		Release|arm64 = Release|arm64
		Release|x64 = Release|x64
		Release|x86 = Release|x86
	EndGlobalSection
	GlobalSection(ProjectConfigurationPlatforms) = postSolution
		{E74664A0-F650-4327-82C4-D6C2C2EA34F1}.Debug|Any CPU.ActiveCfg = Debug|Any CPU
		{E74664A0-F650-4327-82C4-D6C2C2EA34F1}.Debug|Any CPU.Build.0 = Debug|Any CPU
		{E74664A0-F650-4327-82C4-D6C2C2EA34F1}.Debug|arm64.ActiveCfg = Debug|Any CPU
		{E74664A0-F650-4327-82C4-D6C2C2EA34F1}.Debug|arm64.Build.0 = Debug|Any CPU
		{E74664A0-F650-4327-82C4-D6C2C2EA34F1}.Debug|x64.ActiveCfg = Debug|Any CPU
		{E74664A0-F650-4327-82C4-D6C2C2EA34F1}.Debug|x64.Build.0 = Debug|Any CPU
		{E74664A0-F650-4327-82C4-D6C2C2EA34F1}.Debug|x86.ActiveCfg = Debug|Any CPU
		{E74664A0-F650-4327-82C4-D6C2C2EA34F1}.Debug|x86.Build.0 = Debug|Any CPU
		{E74664A0-F650-4327-82C4-D6C2C2EA34F1}.Release|Any CPU.ActiveCfg = Release|Any CPU
		{E74664A0-F650-4327-82C4-D6C2C2EA34F1}.Release|Any CPU.Build.0 = Release|Any CPU
		{E74664A0-F650-4327-82C4-D6C2C2EA34F1}.Release|arm64.ActiveCfg = Release|Any CPU
		{E74664A0-F650-4327-82C4-D6C2C2EA34F1}.Release|arm64.Build.0 = Release|Any CPU
		{E74664A0-F650-4327-82C4-D6C2C2EA34F1}.Release|x64.ActiveCfg = Release|Any CPU
		{E74664A0-F650-4327-82C4-D6C2C2EA34F1}.Release|x64.Build.0 = Release|Any CPU
		{E74664A0-F650-4327-82C4-D6C2C2EA34F1}.Release|x86.ActiveCfg = Release|Any CPU
		{E74664A0-F650-4327-82C4-D6C2C2EA34F1}.Release|x86.Build.0 = Release|Any CPU
		{209476B5-5CF7-4B28-A250-34F539F1F2E1}.Debug|Any CPU.ActiveCfg = Debug|Any CPU
		{209476B5-5CF7-4B28-A250-34F539F1F2E1}.Debug|Any CPU.Build.0 = Debug|Any CPU
		{209476B5-5CF7-4B28-A250-34F539F1F2E1}.Debug|arm64.ActiveCfg = Debug|Any CPU
		{209476B5-5CF7-4B28-A250-34F539F1F2E1}.Debug|arm64.Build.0 = Debug|Any CPU
		{209476B5-5CF7-4B28-A250-34F539F1F2E1}.Debug|x64.ActiveCfg = Debug|Any CPU
		{209476B5-5CF7-4B28-A250-34F539F1F2E1}.Debug|x64.Build.0 = Debug|Any CPU
		{209476B5-5CF7-4B28-A250-34F539F1F2E1}.Debug|x86.ActiveCfg = Debug|Any CPU
		{209476B5-5CF7-4B28-A250-34F539F1F2E1}.Debug|x86.Build.0 = Debug|Any CPU
		{209476B5-5CF7-4B28-A250-34F539F1F2E1}.Release|Any CPU.ActiveCfg = Release|Any CPU
		{209476B5-5CF7-4B28-A250-34F539F1F2E1}.Release|Any CPU.Build.0 = Release|Any CPU
		{209476B5-5CF7-4B28-A250-34F539F1F2E1}.Release|arm64.ActiveCfg = Release|Any CPU
		{209476B5-5CF7-4B28-A250-34F539F1F2E1}.Release|arm64.Build.0 = Release|Any CPU
		{209476B5-5CF7-4B28-A250-34F539F1F2E1}.Release|x64.ActiveCfg = Release|Any CPU
		{209476B5-5CF7-4B28-A250-34F539F1F2E1}.Release|x64.Build.0 = Release|Any CPU
		{209476B5-5CF7-4B28-A250-34F539F1F2E1}.Release|x86.ActiveCfg = Release|Any CPU
		{209476B5-5CF7-4B28-A250-34F539F1F2E1}.Release|x86.Build.0 = Release|Any CPU
		{2E87364C-FB43-4624-A867-D965A7FB4A2B}.Debug|Any CPU.ActiveCfg = Debug|x64
		{2E87364C-FB43-4624-A867-D965A7FB4A2B}.Debug|Any CPU.Build.0 = Debug|x64
		{2E87364C-FB43-4624-A867-D965A7FB4A2B}.Debug|Any CPU.Deploy.0 = Debug|x64
		{2E87364C-FB43-4624-A867-D965A7FB4A2B}.Debug|arm64.ActiveCfg = Debug|arm64
		{2E87364C-FB43-4624-A867-D965A7FB4A2B}.Debug|arm64.Build.0 = Debug|arm64
		{2E87364C-FB43-4624-A867-D965A7FB4A2B}.Debug|arm64.Deploy.0 = Debug|arm64
		{2E87364C-FB43-4624-A867-D965A7FB4A2B}.Debug|x64.ActiveCfg = Debug|x64
		{2E87364C-FB43-4624-A867-D965A7FB4A2B}.Debug|x64.Build.0 = Debug|x64
		{2E87364C-FB43-4624-A867-D965A7FB4A2B}.Debug|x64.Deploy.0 = Debug|x64
		{2E87364C-FB43-4624-A867-D965A7FB4A2B}.Debug|x86.ActiveCfg = Debug|x86
		{2E87364C-FB43-4624-A867-D965A7FB4A2B}.Debug|x86.Build.0 = Debug|x86
		{2E87364C-FB43-4624-A867-D965A7FB4A2B}.Debug|x86.Deploy.0 = Debug|x86
		{2E87364C-FB43-4624-A867-D965A7FB4A2B}.Release|Any CPU.ActiveCfg = Release|x64
		{2E87364C-FB43-4624-A867-D965A7FB4A2B}.Release|Any CPU.Build.0 = Release|x64
		{2E87364C-FB43-4624-A867-D965A7FB4A2B}.Release|Any CPU.Deploy.0 = Release|x64
		{2E87364C-FB43-4624-A867-D965A7FB4A2B}.Release|arm64.ActiveCfg = Release|arm64
		{2E87364C-FB43-4624-A867-D965A7FB4A2B}.Release|arm64.Build.0 = Release|arm64
		{2E87364C-FB43-4624-A867-D965A7FB4A2B}.Release|arm64.Deploy.0 = Release|arm64
		{2E87364C-FB43-4624-A867-D965A7FB4A2B}.Release|x64.ActiveCfg = Release|x64
		{2E87364C-FB43-4624-A867-D965A7FB4A2B}.Release|x64.Build.0 = Release|x64
		{2E87364C-FB43-4624-A867-D965A7FB4A2B}.Release|x64.Deploy.0 = Release|x64
		{2E87364C-FB43-4624-A867-D965A7FB4A2B}.Release|x86.ActiveCfg = Release|x86
		{2E87364C-FB43-4624-A867-D965A7FB4A2B}.Release|x86.Build.0 = Release|x86
		{2E87364C-FB43-4624-A867-D965A7FB4A2B}.Release|x86.Deploy.0 = Release|x86
		{BF0D5B1C-5775-47F5-9181-AB3DABE29709}.Debug|Any CPU.ActiveCfg = Debug|Any CPU
		{BF0D5B1C-5775-47F5-9181-AB3DABE29709}.Debug|Any CPU.Build.0 = Debug|Any CPU
		{BF0D5B1C-5775-47F5-9181-AB3DABE29709}.Debug|arm64.ActiveCfg = Debug|arm64
		{BF0D5B1C-5775-47F5-9181-AB3DABE29709}.Debug|arm64.Build.0 = Debug|arm64
		{BF0D5B1C-5775-47F5-9181-AB3DABE29709}.Debug|x64.ActiveCfg = Debug|x64
		{BF0D5B1C-5775-47F5-9181-AB3DABE29709}.Debug|x64.Build.0 = Debug|x64
		{BF0D5B1C-5775-47F5-9181-AB3DABE29709}.Debug|x86.ActiveCfg = Debug|x86
		{BF0D5B1C-5775-47F5-9181-AB3DABE29709}.Debug|x86.Build.0 = Debug|x86
		{BF0D5B1C-5775-47F5-9181-AB3DABE29709}.Release|Any CPU.ActiveCfg = Release|Any CPU
		{BF0D5B1C-5775-47F5-9181-AB3DABE29709}.Release|Any CPU.Build.0 = Release|Any CPU
		{BF0D5B1C-5775-47F5-9181-AB3DABE29709}.Release|arm64.ActiveCfg = Release|arm64
		{BF0D5B1C-5775-47F5-9181-AB3DABE29709}.Release|arm64.Build.0 = Release|arm64
		{BF0D5B1C-5775-47F5-9181-AB3DABE29709}.Release|x64.ActiveCfg = Release|x64
		{BF0D5B1C-5775-47F5-9181-AB3DABE29709}.Release|x64.Build.0 = Release|x64
		{BF0D5B1C-5775-47F5-9181-AB3DABE29709}.Release|x86.ActiveCfg = Release|x86
		{BF0D5B1C-5775-47F5-9181-AB3DABE29709}.Release|x86.Build.0 = Release|x86
		{722EAFBD-247F-4494-BA3E-FEE250558A29}.Debug|Any CPU.ActiveCfg = Debug|x64
		{722EAFBD-247F-4494-BA3E-FEE250558A29}.Debug|Any CPU.Build.0 = Debug|x64
		{722EAFBD-247F-4494-BA3E-FEE250558A29}.Debug|arm64.ActiveCfg = Debug|arm64
		{722EAFBD-247F-4494-BA3E-FEE250558A29}.Debug|arm64.Build.0 = Debug|arm64
		{722EAFBD-247F-4494-BA3E-FEE250558A29}.Debug|x64.ActiveCfg = Debug|x64
		{722EAFBD-247F-4494-BA3E-FEE250558A29}.Debug|x64.Build.0 = Debug|x64
		{722EAFBD-247F-4494-BA3E-FEE250558A29}.Debug|x86.ActiveCfg = Debug|x86
		{722EAFBD-247F-4494-BA3E-FEE250558A29}.Debug|x86.Build.0 = Debug|x86
		{722EAFBD-247F-4494-BA3E-FEE250558A29}.Release|Any CPU.ActiveCfg = Release|x64
		{722EAFBD-247F-4494-BA3E-FEE250558A29}.Release|Any CPU.Build.0 = Release|x64
		{722EAFBD-247F-4494-BA3E-FEE250558A29}.Release|arm64.ActiveCfg = Release|arm64
		{722EAFBD-247F-4494-BA3E-FEE250558A29}.Release|arm64.Build.0 = Release|arm64
		{722EAFBD-247F-4494-BA3E-FEE250558A29}.Release|x64.ActiveCfg = Release|x64
		{722EAFBD-247F-4494-BA3E-FEE250558A29}.Release|x64.Build.0 = Release|x64
		{722EAFBD-247F-4494-BA3E-FEE250558A29}.Release|x86.ActiveCfg = Release|x86
		{722EAFBD-247F-4494-BA3E-FEE250558A29}.Release|x86.Build.0 = Release|x86
		{EAEC7840-D5D5-4A1F-B5E8-E1117C5AFF92}.Debug|Any CPU.ActiveCfg = Debug|Any CPU
		{EAEC7840-D5D5-4A1F-B5E8-E1117C5AFF92}.Debug|Any CPU.Build.0 = Debug|Any CPU
		{EAEC7840-D5D5-4A1F-B5E8-E1117C5AFF92}.Debug|arm64.ActiveCfg = Debug|Any CPU
		{EAEC7840-D5D5-4A1F-B5E8-E1117C5AFF92}.Debug|arm64.Build.0 = Debug|Any CPU
		{EAEC7840-D5D5-4A1F-B5E8-E1117C5AFF92}.Debug|x64.ActiveCfg = Debug|Any CPU
		{EAEC7840-D5D5-4A1F-B5E8-E1117C5AFF92}.Debug|x64.Build.0 = Debug|Any CPU
		{EAEC7840-D5D5-4A1F-B5E8-E1117C5AFF92}.Debug|x86.ActiveCfg = Debug|Any CPU
		{EAEC7840-D5D5-4A1F-B5E8-E1117C5AFF92}.Debug|x86.Build.0 = Debug|Any CPU
		{EAEC7840-D5D5-4A1F-B5E8-E1117C5AFF92}.Release|Any CPU.ActiveCfg = Release|Any CPU
		{EAEC7840-D5D5-4A1F-B5E8-E1117C5AFF92}.Release|Any CPU.Build.0 = Release|Any CPU
		{EAEC7840-D5D5-4A1F-B5E8-E1117C5AFF92}.Release|arm64.ActiveCfg = Release|Any CPU
		{EAEC7840-D5D5-4A1F-B5E8-E1117C5AFF92}.Release|arm64.Build.0 = Release|Any CPU
		{EAEC7840-D5D5-4A1F-B5E8-E1117C5AFF92}.Release|x64.ActiveCfg = Release|Any CPU
		{EAEC7840-D5D5-4A1F-B5E8-E1117C5AFF92}.Release|x64.Build.0 = Release|Any CPU
		{EAEC7840-D5D5-4A1F-B5E8-E1117C5AFF92}.Release|x86.ActiveCfg = Release|Any CPU
		{EAEC7840-D5D5-4A1F-B5E8-E1117C5AFF92}.Release|x86.Build.0 = Release|Any CPU
		{E9FA5580-7669-4097-8A15-03F0199A4D5B}.Debug|Any CPU.ActiveCfg = Debug|Any CPU
		{E9FA5580-7669-4097-8A15-03F0199A4D5B}.Debug|Any CPU.Build.0 = Debug|Any CPU
		{E9FA5580-7669-4097-8A15-03F0199A4D5B}.Debug|arm64.ActiveCfg = Debug|Any CPU
		{E9FA5580-7669-4097-8A15-03F0199A4D5B}.Debug|arm64.Build.0 = Debug|Any CPU
		{E9FA5580-7669-4097-8A15-03F0199A4D5B}.Debug|x64.ActiveCfg = Debug|Any CPU
		{E9FA5580-7669-4097-8A15-03F0199A4D5B}.Debug|x64.Build.0 = Debug|Any CPU
		{E9FA5580-7669-4097-8A15-03F0199A4D5B}.Debug|x86.ActiveCfg = Debug|Any CPU
		{E9FA5580-7669-4097-8A15-03F0199A4D5B}.Debug|x86.Build.0 = Debug|Any CPU
		{E9FA5580-7669-4097-8A15-03F0199A4D5B}.Release|Any CPU.ActiveCfg = Release|Any CPU
		{E9FA5580-7669-4097-8A15-03F0199A4D5B}.Release|Any CPU.Build.0 = Release|Any CPU
		{E9FA5580-7669-4097-8A15-03F0199A4D5B}.Release|arm64.ActiveCfg = Release|Any CPU
		{E9FA5580-7669-4097-8A15-03F0199A4D5B}.Release|arm64.Build.0 = Release|Any CPU
		{E9FA5580-7669-4097-8A15-03F0199A4D5B}.Release|x64.ActiveCfg = Release|Any CPU
		{E9FA5580-7669-4097-8A15-03F0199A4D5B}.Release|x64.Build.0 = Release|Any CPU
		{E9FA5580-7669-4097-8A15-03F0199A4D5B}.Release|x86.ActiveCfg = Release|Any CPU
		{E9FA5580-7669-4097-8A15-03F0199A4D5B}.Release|x86.Build.0 = Release|Any CPU
		{E7D427F3-7EBB-45A0-9F4D-CBD5549C8C26}.Debug|Any CPU.ActiveCfg = Debug|Any CPU
		{E7D427F3-7EBB-45A0-9F4D-CBD5549C8C26}.Debug|Any CPU.Build.0 = Debug|Any CPU
		{E7D427F3-7EBB-45A0-9F4D-CBD5549C8C26}.Debug|arm64.ActiveCfg = Debug|Any CPU
		{E7D427F3-7EBB-45A0-9F4D-CBD5549C8C26}.Debug|arm64.Build.0 = Debug|Any CPU
		{E7D427F3-7EBB-45A0-9F4D-CBD5549C8C26}.Debug|x64.ActiveCfg = Debug|Any CPU
		{E7D427F3-7EBB-45A0-9F4D-CBD5549C8C26}.Debug|x64.Build.0 = Debug|Any CPU
		{E7D427F3-7EBB-45A0-9F4D-CBD5549C8C26}.Debug|x86.ActiveCfg = Debug|Any CPU
		{E7D427F3-7EBB-45A0-9F4D-CBD5549C8C26}.Debug|x86.Build.0 = Debug|Any CPU
		{E7D427F3-7EBB-45A0-9F4D-CBD5549C8C26}.Release|Any CPU.ActiveCfg = Release|Any CPU
		{E7D427F3-7EBB-45A0-9F4D-CBD5549C8C26}.Release|Any CPU.Build.0 = Release|Any CPU
		{E7D427F3-7EBB-45A0-9F4D-CBD5549C8C26}.Release|arm64.ActiveCfg = Release|Any CPU
		{E7D427F3-7EBB-45A0-9F4D-CBD5549C8C26}.Release|arm64.Build.0 = Release|Any CPU
		{E7D427F3-7EBB-45A0-9F4D-CBD5549C8C26}.Release|x64.ActiveCfg = Release|Any CPU
		{E7D427F3-7EBB-45A0-9F4D-CBD5549C8C26}.Release|x64.Build.0 = Release|Any CPU
		{E7D427F3-7EBB-45A0-9F4D-CBD5549C8C26}.Release|x86.ActiveCfg = Release|Any CPU
		{E7D427F3-7EBB-45A0-9F4D-CBD5549C8C26}.Release|x86.Build.0 = Release|Any CPU
		{28781A55-E60F-44AE-9E0F-F2070FEB0FB5}.Debug|Any CPU.ActiveCfg = Debug|Any CPU
		{28781A55-E60F-44AE-9E0F-F2070FEB0FB5}.Debug|Any CPU.Build.0 = Debug|Any CPU
		{28781A55-E60F-44AE-9E0F-F2070FEB0FB5}.Debug|arm64.ActiveCfg = Debug|Any CPU
		{28781A55-E60F-44AE-9E0F-F2070FEB0FB5}.Debug|arm64.Build.0 = Debug|Any CPU
		{28781A55-E60F-44AE-9E0F-F2070FEB0FB5}.Debug|x64.ActiveCfg = Debug|Any CPU
		{28781A55-E60F-44AE-9E0F-F2070FEB0FB5}.Debug|x64.Build.0 = Debug|Any CPU
		{28781A55-E60F-44AE-9E0F-F2070FEB0FB5}.Debug|x86.ActiveCfg = Debug|Any CPU
		{28781A55-E60F-44AE-9E0F-F2070FEB0FB5}.Debug|x86.Build.0 = Debug|Any CPU
		{28781A55-E60F-44AE-9E0F-F2070FEB0FB5}.Release|Any CPU.ActiveCfg = Release|Any CPU
		{28781A55-E60F-44AE-9E0F-F2070FEB0FB5}.Release|Any CPU.Build.0 = Release|Any CPU
		{28781A55-E60F-44AE-9E0F-F2070FEB0FB5}.Release|arm64.ActiveCfg = Release|Any CPU
		{28781A55-E60F-44AE-9E0F-F2070FEB0FB5}.Release|arm64.Build.0 = Release|Any CPU
		{28781A55-E60F-44AE-9E0F-F2070FEB0FB5}.Release|x64.ActiveCfg = Release|Any CPU
		{28781A55-E60F-44AE-9E0F-F2070FEB0FB5}.Release|x64.Build.0 = Release|Any CPU
		{28781A55-E60F-44AE-9E0F-F2070FEB0FB5}.Release|x86.ActiveCfg = Release|Any CPU
		{28781A55-E60F-44AE-9E0F-F2070FEB0FB5}.Release|x86.Build.0 = Release|Any CPU
		{DD0969AD-D249-4F8D-AB1D-D5E040B82AFB}.Debug|Any CPU.ActiveCfg = Debug|Any CPU
		{DD0969AD-D249-4F8D-AB1D-D5E040B82AFB}.Debug|Any CPU.Build.0 = Debug|Any CPU
		{DD0969AD-D249-4F8D-AB1D-D5E040B82AFB}.Debug|arm64.ActiveCfg = Debug|Any CPU
		{DD0969AD-D249-4F8D-AB1D-D5E040B82AFB}.Debug|arm64.Build.0 = Debug|Any CPU
		{DD0969AD-D249-4F8D-AB1D-D5E040B82AFB}.Debug|x64.ActiveCfg = Debug|Any CPU
		{DD0969AD-D249-4F8D-AB1D-D5E040B82AFB}.Debug|x64.Build.0 = Debug|Any CPU
		{DD0969AD-D249-4F8D-AB1D-D5E040B82AFB}.Debug|x86.ActiveCfg = Debug|Any CPU
		{DD0969AD-D249-4F8D-AB1D-D5E040B82AFB}.Debug|x86.Build.0 = Debug|Any CPU
		{DD0969AD-D249-4F8D-AB1D-D5E040B82AFB}.Release|Any CPU.ActiveCfg = Release|Any CPU
		{DD0969AD-D249-4F8D-AB1D-D5E040B82AFB}.Release|Any CPU.Build.0 = Release|Any CPU
		{DD0969AD-D249-4F8D-AB1D-D5E040B82AFB}.Release|arm64.ActiveCfg = Release|Any CPU
		{DD0969AD-D249-4F8D-AB1D-D5E040B82AFB}.Release|arm64.Build.0 = Release|Any CPU
		{DD0969AD-D249-4F8D-AB1D-D5E040B82AFB}.Release|x64.ActiveCfg = Release|Any CPU
		{DD0969AD-D249-4F8D-AB1D-D5E040B82AFB}.Release|x64.Build.0 = Release|Any CPU
		{DD0969AD-D249-4F8D-AB1D-D5E040B82AFB}.Release|x86.ActiveCfg = Release|Any CPU
		{DD0969AD-D249-4F8D-AB1D-D5E040B82AFB}.Release|x86.Build.0 = Release|Any CPU
		{13CFC9F3-10BA-4CD7-986C-5ED8FA2CAD3B}.Debug|Any CPU.ActiveCfg = Debug|Any CPU
		{13CFC9F3-10BA-4CD7-986C-5ED8FA2CAD3B}.Debug|Any CPU.Build.0 = Debug|Any CPU
		{13CFC9F3-10BA-4CD7-986C-5ED8FA2CAD3B}.Debug|arm64.ActiveCfg = Debug|Any CPU
		{13CFC9F3-10BA-4CD7-986C-5ED8FA2CAD3B}.Debug|arm64.Build.0 = Debug|Any CPU
		{13CFC9F3-10BA-4CD7-986C-5ED8FA2CAD3B}.Debug|x64.ActiveCfg = Debug|Any CPU
		{13CFC9F3-10BA-4CD7-986C-5ED8FA2CAD3B}.Debug|x64.Build.0 = Debug|Any CPU
		{13CFC9F3-10BA-4CD7-986C-5ED8FA2CAD3B}.Debug|x86.ActiveCfg = Debug|Any CPU
		{13CFC9F3-10BA-4CD7-986C-5ED8FA2CAD3B}.Debug|x86.Build.0 = Debug|Any CPU
		{13CFC9F3-10BA-4CD7-986C-5ED8FA2CAD3B}.Release|Any CPU.ActiveCfg = Release|Any CPU
		{13CFC9F3-10BA-4CD7-986C-5ED8FA2CAD3B}.Release|Any CPU.Build.0 = Release|Any CPU
		{13CFC9F3-10BA-4CD7-986C-5ED8FA2CAD3B}.Release|arm64.ActiveCfg = Release|Any CPU
		{13CFC9F3-10BA-4CD7-986C-5ED8FA2CAD3B}.Release|arm64.Build.0 = Release|Any CPU
		{13CFC9F3-10BA-4CD7-986C-5ED8FA2CAD3B}.Release|x64.ActiveCfg = Release|Any CPU
		{13CFC9F3-10BA-4CD7-986C-5ED8FA2CAD3B}.Release|x64.Build.0 = Release|Any CPU
		{13CFC9F3-10BA-4CD7-986C-5ED8FA2CAD3B}.Release|x86.ActiveCfg = Release|Any CPU
		{13CFC9F3-10BA-4CD7-986C-5ED8FA2CAD3B}.Release|x86.Build.0 = Release|Any CPU
		{0A9E6204-A3EC-4509-B05C-633259EA4838}.Debug|Any CPU.ActiveCfg = Debug|Any CPU
		{0A9E6204-A3EC-4509-B05C-633259EA4838}.Debug|Any CPU.Build.0 = Debug|Any CPU
		{0A9E6204-A3EC-4509-B05C-633259EA4838}.Debug|arm64.ActiveCfg = Debug|Any CPU
		{0A9E6204-A3EC-4509-B05C-633259EA4838}.Debug|arm64.Build.0 = Debug|Any CPU
		{0A9E6204-A3EC-4509-B05C-633259EA4838}.Debug|x64.ActiveCfg = Debug|Any CPU
		{0A9E6204-A3EC-4509-B05C-633259EA4838}.Debug|x64.Build.0 = Debug|Any CPU
		{0A9E6204-A3EC-4509-B05C-633259EA4838}.Debug|x86.ActiveCfg = Debug|Any CPU
		{0A9E6204-A3EC-4509-B05C-633259EA4838}.Debug|x86.Build.0 = Debug|Any CPU
		{0A9E6204-A3EC-4509-B05C-633259EA4838}.Release|Any CPU.ActiveCfg = Release|Any CPU
		{0A9E6204-A3EC-4509-B05C-633259EA4838}.Release|Any CPU.Build.0 = Release|Any CPU
		{0A9E6204-A3EC-4509-B05C-633259EA4838}.Release|arm64.ActiveCfg = Release|Any CPU
		{0A9E6204-A3EC-4509-B05C-633259EA4838}.Release|arm64.Build.0 = Release|Any CPU
		{0A9E6204-A3EC-4509-B05C-633259EA4838}.Release|x64.ActiveCfg = Release|Any CPU
		{0A9E6204-A3EC-4509-B05C-633259EA4838}.Release|x64.Build.0 = Release|Any CPU
		{0A9E6204-A3EC-4509-B05C-633259EA4838}.Release|x86.ActiveCfg = Release|Any CPU
		{0A9E6204-A3EC-4509-B05C-633259EA4838}.Release|x86.Build.0 = Release|Any CPU
		{05224445-AFCA-4C8A-8B84-CC3473633F40}.Debug|Any CPU.ActiveCfg = Debug|Any CPU
		{05224445-AFCA-4C8A-8B84-CC3473633F40}.Debug|Any CPU.Build.0 = Debug|Any CPU
		{05224445-AFCA-4C8A-8B84-CC3473633F40}.Debug|arm64.ActiveCfg = Debug|Any CPU
		{05224445-AFCA-4C8A-8B84-CC3473633F40}.Debug|arm64.Build.0 = Debug|Any CPU
		{05224445-AFCA-4C8A-8B84-CC3473633F40}.Debug|x64.ActiveCfg = Debug|Any CPU
		{05224445-AFCA-4C8A-8B84-CC3473633F40}.Debug|x64.Build.0 = Debug|Any CPU
		{05224445-AFCA-4C8A-8B84-CC3473633F40}.Debug|x86.ActiveCfg = Debug|Any CPU
		{05224445-AFCA-4C8A-8B84-CC3473633F40}.Debug|x86.Build.0 = Debug|Any CPU
		{05224445-AFCA-4C8A-8B84-CC3473633F40}.Release|Any CPU.ActiveCfg = Release|Any CPU
		{05224445-AFCA-4C8A-8B84-CC3473633F40}.Release|Any CPU.Build.0 = Release|Any CPU
		{05224445-AFCA-4C8A-8B84-CC3473633F40}.Release|arm64.ActiveCfg = Release|Any CPU
		{05224445-AFCA-4C8A-8B84-CC3473633F40}.Release|arm64.Build.0 = Release|Any CPU
		{05224445-AFCA-4C8A-8B84-CC3473633F40}.Release|x64.ActiveCfg = Release|Any CPU
		{05224445-AFCA-4C8A-8B84-CC3473633F40}.Release|x64.Build.0 = Release|Any CPU
		{05224445-AFCA-4C8A-8B84-CC3473633F40}.Release|x86.ActiveCfg = Release|Any CPU
		{05224445-AFCA-4C8A-8B84-CC3473633F40}.Release|x86.Build.0 = Release|Any CPU
	EndGlobalSection
	GlobalSection(SolutionProperties) = preSolution
		HideSolutionNode = FALSE
	EndGlobalSection
	GlobalSection(NestedProjects) = preSolution
		{EAEC7840-D5D5-4A1F-B5E8-E1117C5AFF92} = {96A9CEC8-5183-4B35-9E55-E868BF9A538D}
		{E9FA5580-7669-4097-8A15-03F0199A4D5B} = {96A9CEC8-5183-4B35-9E55-E868BF9A538D}
		{E7D427F3-7EBB-45A0-9F4D-CBD5549C8C26} = {96A9CEC8-5183-4B35-9E55-E868BF9A538D}
		{28781A55-E60F-44AE-9E0F-F2070FEB0FB5} = {96A9CEC8-5183-4B35-9E55-E868BF9A538D}
		{DD0969AD-D249-4F8D-AB1D-D5E040B82AFB} = {96A9CEC8-5183-4B35-9E55-E868BF9A538D}
		{13CFC9F3-10BA-4CD7-986C-5ED8FA2CAD3B} = {26BCCE67-3B8B-49CE-86C9-5B92B3E4E453}
		{0A9E6204-A3EC-4509-B05C-633259EA4838} = {26BCCE67-3B8B-49CE-86C9-5B92B3E4E453}
		{26BCCE67-3B8B-49CE-86C9-5B92B3E4E453} = {96A9CEC8-5183-4B35-9E55-E868BF9A538D}
		{05224445-AFCA-4C8A-8B84-CC3473633F40} = {26BCCE67-3B8B-49CE-86C9-5B92B3E4E453}
	EndGlobalSection
	GlobalSection(ExtensibilityGlobals) = postSolution
		SolutionGuid = {0F0E7F65-D764-45CE-804A-5E86C33507CC}
	EndGlobalSection
EndGlobal
